// !$*UTF8*$!
{
	archiveVersion = 1;
	classes = {
	};
	objectVersion = 51;
	objects = {

/* Begin PBXBuildFile section */
		63FF8A25B944172A567B4448 /* Pods_TheInterviewer.framework in Frameworks */ = {isa = PBXBuildFile; fileRef = 71B1EC06222285251E9D29B7 /* Pods_TheInterviewer.framework */; };
		7E39420722CC0A2800579F29 /* MainViewModel.swift in Sources */ = {isa = PBXBuildFile; fileRef = 7E39420622CC0A2800579F29 /* MainViewModel.swift */; };
		7E3C4D3422BAB9E200490D16 /* AppDelegate.swift in Sources */ = {isa = PBXBuildFile; fileRef = 7E3C4D3322BAB9E200490D16 /* AppDelegate.swift */; };
		7E3C4D3C22BAB9E200490D16 /* TheInterviewer.xcdatamodeld in Sources */ = {isa = PBXBuildFile; fileRef = 7E3C4D3A22BAB9E200490D16 /* TheInterviewer.xcdatamodeld */; };
		7E3C4D3E22BAB9E400490D16 /* Assets.xcassets in Resources */ = {isa = PBXBuildFile; fileRef = 7E3C4D3D22BAB9E400490D16 /* Assets.xcassets */; };
		7E3C4D4122BAB9E400490D16 /* LaunchScreen.storyboard in Resources */ = {isa = PBXBuildFile; fileRef = 7E3C4D3F22BAB9E400490D16 /* LaunchScreen.storyboard */; };
		7E42034022EF8C7800DFA490 /* InterviewCoordinator.swift in Sources */ = {isa = PBXBuildFile; fileRef = 7E42033F22EF8C7800DFA490 /* InterviewCoordinator.swift */; };
		7E42034322EF918400DFA490 /* Interview.swift in Sources */ = {isa = PBXBuildFile; fileRef = 7E42034222EF918400DFA490 /* Interview.swift */; };
		7E51B93B22FA2E790091C9A1 /* OverviewViewController.swift in Sources */ = {isa = PBXBuildFile; fileRef = 7E51B93922FA2E790091C9A1 /* OverviewViewController.swift */; };
		7E51B93C22FA2E790091C9A1 /* OverviewViewController.xib in Resources */ = {isa = PBXBuildFile; fileRef = 7E51B93A22FA2E790091C9A1 /* OverviewViewController.xib */; };
		7E51B93F22FA32370091C9A1 /* AppConfiguration.swift in Sources */ = {isa = PBXBuildFile; fileRef = 7E51B93E22FA32370091C9A1 /* AppConfiguration.swift */; };
		7E51B94122FA32E10091C9A1 /* Extensions.swift in Sources */ = {isa = PBXBuildFile; fileRef = 7E51B94022FA32E10091C9A1 /* Extensions.swift */; };
		7E570DE6231731470092D538 /* ViewControllerExtensions.swift in Sources */ = {isa = PBXBuildFile; fileRef = 7E570DE5231731470092D538 /* ViewControllerExtensions.swift */; };
		7E5A918F22BAC20A00963ABB /* MainScreenViewController.swift in Sources */ = {isa = PBXBuildFile; fileRef = 7E5A918D22BAC20A00963ABB /* MainScreenViewController.swift */; };
		7E5A919022BAC20A00963ABB /* MainScreenViewController.xib in Resources */ = {isa = PBXBuildFile; fileRef = 7E5A918E22BAC20A00963ABB /* MainScreenViewController.xib */; };
		7E5A919222BAC28800963ABB /* AppCoordinator.swift in Sources */ = {isa = PBXBuildFile; fileRef = 7E5A919122BAC28800963ABB /* AppCoordinator.swift */; };
		7E63E66C2315C3EB00F2999E /* SectionOverviewViewController.swift in Sources */ = {isa = PBXBuildFile; fileRef = 7E63E66A2315C3EB00F2999E /* SectionOverviewViewController.swift */; };
		7E63E66D2315C3EB00F2999E /* SectionOverviewViewController.xib in Resources */ = {isa = PBXBuildFile; fileRef = 7E63E66B2315C3EB00F2999E /* SectionOverviewViewController.xib */; };
		7E7E633A23219ED1001A8D24 /* SF-Pro-Text-Heavy.otf in Resources */ = {isa = PBXBuildFile; fileRef = 7E7E632E23219ED1001A8D24 /* SF-Pro-Text-Heavy.otf */; };
		7E7E633B23219ED1001A8D24 /* SF-Pro-Display-Light.otf in Resources */ = {isa = PBXBuildFile; fileRef = 7E7E632F23219ED1001A8D24 /* SF-Pro-Display-Light.otf */; };
		7E7E633C23219ED1001A8D24 /* SF-Pro-Display-Regular.otf in Resources */ = {isa = PBXBuildFile; fileRef = 7E7E633023219ED1001A8D24 /* SF-Pro-Display-Regular.otf */; };
		7E7E633D23219ED1001A8D24 /* SF-Pro-Display-Bold.otf in Resources */ = {isa = PBXBuildFile; fileRef = 7E7E633123219ED1001A8D24 /* SF-Pro-Display-Bold.otf */; };
		7E7E633E23219ED1001A8D24 /* SF-Pro-Display-Medium.otf in Resources */ = {isa = PBXBuildFile; fileRef = 7E7E633223219ED1001A8D24 /* SF-Pro-Display-Medium.otf */; };
		7E7E633F23219ED1001A8D24 /* SF-Pro-Display-Heavy.otf in Resources */ = {isa = PBXBuildFile; fileRef = 7E7E633323219ED1001A8D24 /* SF-Pro-Display-Heavy.otf */; };
		7E7E634023219ED1001A8D24 /* SF-Pro-Text-Light.otf in Resources */ = {isa = PBXBuildFile; fileRef = 7E7E633423219ED1001A8D24 /* SF-Pro-Text-Light.otf */; };
		7E7E634123219ED1001A8D24 /* SF-Pro-Display-Semibold.otf in Resources */ = {isa = PBXBuildFile; fileRef = 7E7E633523219ED1001A8D24 /* SF-Pro-Display-Semibold.otf */; };
		7E7E634223219ED1001A8D24 /* SF-Pro-Text-Regular.otf in Resources */ = {isa = PBXBuildFile; fileRef = 7E7E633623219ED1001A8D24 /* SF-Pro-Text-Regular.otf */; };
		7E7E634323219ED1001A8D24 /* SF-Pro-Text-Bold.otf in Resources */ = {isa = PBXBuildFile; fileRef = 7E7E633723219ED1001A8D24 /* SF-Pro-Text-Bold.otf */; };
		7E7E634423219ED1001A8D24 /* SF-Pro-Text-Semibold.otf in Resources */ = {isa = PBXBuildFile; fileRef = 7E7E633823219ED1001A8D24 /* SF-Pro-Text-Semibold.otf */; };
		7E7E634523219ED1001A8D24 /* SF-Pro-Text-Medium.otf in Resources */ = {isa = PBXBuildFile; fileRef = 7E7E633923219ED1001A8D24 /* SF-Pro-Text-Medium.otf */; };
		7E936652230F434E00D636DF /* InterviewModels.swift in Sources */ = {isa = PBXBuildFile; fileRef = 7E936651230F434E00D636DF /* InterviewModels.swift */; };
		7EB0923A230ADA010026001C /* QAViewController.swift in Sources */ = {isa = PBXBuildFile; fileRef = 7EB09238230ADA010026001C /* QAViewController.swift */; };
		7EB0923B230ADA010026001C /* QAViewController.xib in Resources */ = {isa = PBXBuildFile; fileRef = 7EB09239230ADA010026001C /* QAViewController.xib */; };
		7EB4B52D22F39329005410EF /* InterviewViewModel.swift in Sources */ = {isa = PBXBuildFile; fileRef = 7EB4B52C22F39329005410EF /* InterviewViewModel.swift */; };
		7EB56694231F27AF0020E077 /* QALongViewController.swift in Sources */ = {isa = PBXBuildFile; fileRef = 7EB56692231F27AF0020E077 /* QALongViewController.swift */; };
		7EB56695231F27AF0020E077 /* QALongViewController.xib in Resources */ = {isa = PBXBuildFile; fileRef = 7EB56693231F27AF0020E077 /* QALongViewController.xib */; };
		7EB5669C231F58F80020E077 /* InterviewService.swift in Sources */ = {isa = PBXBuildFile; fileRef = 7EB5669B231F58F80020E077 /* InterviewService.swift */; };
		7EB8BA94232810CF00276D1A /* ReviewMenuViewController.swift in Sources */ = {isa = PBXBuildFile; fileRef = 7EB8BA92232810CF00276D1A /* ReviewMenuViewController.swift */; };
		7EB8BA95232810CF00276D1A /* ReviewMenuViewController.xib in Resources */ = {isa = PBXBuildFile; fileRef = 7EB8BA93232810CF00276D1A /* ReviewMenuViewController.xib */; };
		7EB8BA97232811DE00276D1A /* ReviewViewModel.swift in Sources */ = {isa = PBXBuildFile; fileRef = 7EB8BA96232811DE00276D1A /* ReviewViewModel.swift */; };
		7EB8BA992328137500276D1A /* Date.swift in Sources */ = {isa = PBXBuildFile; fileRef = 7EB8BA982328137500276D1A /* Date.swift */; };
		7EB8BA9B2328297500276D1A /* ReviewCoordinator.swift in Sources */ = {isa = PBXBuildFile; fileRef = 7EB8BA9A2328297500276D1A /* ReviewCoordinator.swift */; };
		7EB8BA9D232861E900276D1A /* NavigationBar.swift in Sources */ = {isa = PBXBuildFile; fileRef = 7EB8BA9C232861E900276D1A /* NavigationBar.swift */; };
		7ECC273B2329814D00B3D90E /* FinalScreenViewController.swift in Sources */ = {isa = PBXBuildFile; fileRef = 7ECC27392329814D00B3D90E /* FinalScreenViewController.swift */; };
		7ECC273C2329814D00B3D90E /* FinalScreenViewController.xib in Resources */ = {isa = PBXBuildFile; fileRef = 7ECC273A2329814D00B3D90E /* FinalScreenViewController.xib */; };
		7ECC273E232BCA8D00B3D90E /* Double.swift in Sources */ = {isa = PBXBuildFile; fileRef = 7ECC273D232BCA8D00B3D90E /* Double.swift */; };
		7ED28713232052F500C005E7 /* Wrapper.swift in Sources */ = {isa = PBXBuildFile; fileRef = 7ED28712232052F500C005E7 /* Wrapper.swift */; };
		7EED1F65233902850043C2A9 /* RecordManager.swift in Sources */ = {isa = PBXBuildFile; fileRef = 7EED1F64233902850043C2A9 /* RecordManager.swift */; };
		7EF19E1322C4415000E95AAF /* Coordinator.swift in Sources */ = {isa = PBXBuildFile; fileRef = 7EF19E1222C4415000E95AAF /* Coordinator.swift */; };
/* End PBXBuildFile section */

/* Begin PBXFileReference section */
		30C94D8515AA94388E3110B0 /* Pods-TheInterviewer.release.xcconfig */ = {isa = PBXFileReference; includeInIndex = 1; lastKnownFileType = text.xcconfig; name = "Pods-TheInterviewer.release.xcconfig"; path = "Target Support Files/Pods-TheInterviewer/Pods-TheInterviewer.release.xcconfig"; sourceTree = "<group>"; };
		71B1EC06222285251E9D29B7 /* Pods_TheInterviewer.framework */ = {isa = PBXFileReference; explicitFileType = wrapper.framework; includeInIndex = 0; path = Pods_TheInterviewer.framework; sourceTree = BUILT_PRODUCTS_DIR; };
		7E39420622CC0A2800579F29 /* MainViewModel.swift */ = {isa = PBXFileReference; lastKnownFileType = sourcecode.swift; path = MainViewModel.swift; sourceTree = "<group>"; };
		7E3C4D3022BAB9E200490D16 /* TheInterviewer.app */ = {isa = PBXFileReference; explicitFileType = wrapper.application; includeInIndex = 0; path = TheInterviewer.app; sourceTree = BUILT_PRODUCTS_DIR; };
		7E3C4D3322BAB9E200490D16 /* AppDelegate.swift */ = {isa = PBXFileReference; lastKnownFileType = sourcecode.swift; path = AppDelegate.swift; sourceTree = "<group>"; };
		7E3C4D3B22BAB9E200490D16 /* TheInterviewer.xcdatamodel */ = {isa = PBXFileReference; lastKnownFileType = wrapper.xcdatamodel; path = TheInterviewer.xcdatamodel; sourceTree = "<group>"; };
		7E3C4D3D22BAB9E400490D16 /* Assets.xcassets */ = {isa = PBXFileReference; lastKnownFileType = folder.assetcatalog; path = Assets.xcassets; sourceTree = "<group>"; };
		7E3C4D4022BAB9E400490D16 /* Base */ = {isa = PBXFileReference; lastKnownFileType = file.storyboard; name = Base; path = Base.lproj/LaunchScreen.storyboard; sourceTree = "<group>"; };
		7E3C4D4222BAB9E400490D16 /* Info.plist */ = {isa = PBXFileReference; lastKnownFileType = text.plist.xml; path = Info.plist; sourceTree = "<group>"; };
		7E42033F22EF8C7800DFA490 /* InterviewCoordinator.swift */ = {isa = PBXFileReference; lastKnownFileType = sourcecode.swift; path = InterviewCoordinator.swift; sourceTree = "<group>"; };
		7E42034222EF918400DFA490 /* Interview.swift */ = {isa = PBXFileReference; lastKnownFileType = sourcecode.swift; path = Interview.swift; sourceTree = "<group>"; };
		7E51B93922FA2E790091C9A1 /* OverviewViewController.swift */ = {isa = PBXFileReference; lastKnownFileType = sourcecode.swift; path = OverviewViewController.swift; sourceTree = "<group>"; };
		7E51B93A22FA2E790091C9A1 /* OverviewViewController.xib */ = {isa = PBXFileReference; lastKnownFileType = file.xib; path = OverviewViewController.xib; sourceTree = "<group>"; };
		7E51B93E22FA32370091C9A1 /* AppConfiguration.swift */ = {isa = PBXFileReference; lastKnownFileType = sourcecode.swift; path = AppConfiguration.swift; sourceTree = "<group>"; };
		7E51B94022FA32E10091C9A1 /* Extensions.swift */ = {isa = PBXFileReference; lastKnownFileType = sourcecode.swift; path = Extensions.swift; sourceTree = "<group>"; };
		7E570DE5231731470092D538 /* ViewControllerExtensions.swift */ = {isa = PBXFileReference; lastKnownFileType = sourcecode.swift; path = ViewControllerExtensions.swift; sourceTree = "<group>"; };
		7E5A918D22BAC20A00963ABB /* MainScreenViewController.swift */ = {isa = PBXFileReference; lastKnownFileType = sourcecode.swift; path = MainScreenViewController.swift; sourceTree = "<group>"; };
		7E5A918E22BAC20A00963ABB /* MainScreenViewController.xib */ = {isa = PBXFileReference; lastKnownFileType = file.xib; path = MainScreenViewController.xib; sourceTree = "<group>"; };
		7E5A919122BAC28800963ABB /* AppCoordinator.swift */ = {isa = PBXFileReference; lastKnownFileType = sourcecode.swift; path = AppCoordinator.swift; sourceTree = "<group>"; };
		7E63E66A2315C3EB00F2999E /* SectionOverviewViewController.swift */ = {isa = PBXFileReference; lastKnownFileType = sourcecode.swift; path = SectionOverviewViewController.swift; sourceTree = "<group>"; };
		7E63E66B2315C3EB00F2999E /* SectionOverviewViewController.xib */ = {isa = PBXFileReference; lastKnownFileType = file.xib; path = SectionOverviewViewController.xib; sourceTree = "<group>"; };
		7E7E632E23219ED1001A8D24 /* SF-Pro-Text-Heavy.otf */ = {isa = PBXFileReference; lastKnownFileType = file; path = "SF-Pro-Text-Heavy.otf"; sourceTree = "<group>"; };
		7E7E632F23219ED1001A8D24 /* SF-Pro-Display-Light.otf */ = {isa = PBXFileReference; lastKnownFileType = file; path = "SF-Pro-Display-Light.otf"; sourceTree = "<group>"; };
		7E7E633023219ED1001A8D24 /* SF-Pro-Display-Regular.otf */ = {isa = PBXFileReference; lastKnownFileType = file; path = "SF-Pro-Display-Regular.otf"; sourceTree = "<group>"; };
		7E7E633123219ED1001A8D24 /* SF-Pro-Display-Bold.otf */ = {isa = PBXFileReference; lastKnownFileType = file; path = "SF-Pro-Display-Bold.otf"; sourceTree = "<group>"; };
		7E7E633223219ED1001A8D24 /* SF-Pro-Display-Medium.otf */ = {isa = PBXFileReference; lastKnownFileType = file; path = "SF-Pro-Display-Medium.otf"; sourceTree = "<group>"; };
		7E7E633323219ED1001A8D24 /* SF-Pro-Display-Heavy.otf */ = {isa = PBXFileReference; lastKnownFileType = file; path = "SF-Pro-Display-Heavy.otf"; sourceTree = "<group>"; };
		7E7E633423219ED1001A8D24 /* SF-Pro-Text-Light.otf */ = {isa = PBXFileReference; lastKnownFileType = file; path = "SF-Pro-Text-Light.otf"; sourceTree = "<group>"; };
		7E7E633523219ED1001A8D24 /* SF-Pro-Display-Semibold.otf */ = {isa = PBXFileReference; lastKnownFileType = file; path = "SF-Pro-Display-Semibold.otf"; sourceTree = "<group>"; };
		7E7E633623219ED1001A8D24 /* SF-Pro-Text-Regular.otf */ = {isa = PBXFileReference; lastKnownFileType = file; path = "SF-Pro-Text-Regular.otf"; sourceTree = "<group>"; };
		7E7E633723219ED1001A8D24 /* SF-Pro-Text-Bold.otf */ = {isa = PBXFileReference; lastKnownFileType = file; path = "SF-Pro-Text-Bold.otf"; sourceTree = "<group>"; };
		7E7E633823219ED1001A8D24 /* SF-Pro-Text-Semibold.otf */ = {isa = PBXFileReference; lastKnownFileType = file; path = "SF-Pro-Text-Semibold.otf"; sourceTree = "<group>"; };
		7E7E633923219ED1001A8D24 /* SF-Pro-Text-Medium.otf */ = {isa = PBXFileReference; lastKnownFileType = file; path = "SF-Pro-Text-Medium.otf"; sourceTree = "<group>"; };
		7E936651230F434E00D636DF /* InterviewModels.swift */ = {isa = PBXFileReference; lastKnownFileType = sourcecode.swift; path = InterviewModels.swift; sourceTree = "<group>"; };
		7EB09238230ADA010026001C /* QAViewController.swift */ = {isa = PBXFileReference; lastKnownFileType = sourcecode.swift; path = QAViewController.swift; sourceTree = "<group>"; };
		7EB09239230ADA010026001C /* QAViewController.xib */ = {isa = PBXFileReference; lastKnownFileType = file.xib; path = QAViewController.xib; sourceTree = "<group>"; };
		7EB4B52C22F39329005410EF /* InterviewViewModel.swift */ = {isa = PBXFileReference; lastKnownFileType = sourcecode.swift; path = InterviewViewModel.swift; sourceTree = "<group>"; };
		7EB56692231F27AF0020E077 /* QALongViewController.swift */ = {isa = PBXFileReference; lastKnownFileType = sourcecode.swift; path = QALongViewController.swift; sourceTree = "<group>"; };
		7EB56693231F27AF0020E077 /* QALongViewController.xib */ = {isa = PBXFileReference; lastKnownFileType = file.xib; path = QALongViewController.xib; sourceTree = "<group>"; };
		7EB5669B231F58F80020E077 /* InterviewService.swift */ = {isa = PBXFileReference; lastKnownFileType = sourcecode.swift; path = InterviewService.swift; sourceTree = "<group>"; };
		7EB8BA92232810CF00276D1A /* ReviewMenuViewController.swift */ = {isa = PBXFileReference; lastKnownFileType = sourcecode.swift; path = ReviewMenuViewController.swift; sourceTree = "<group>"; };
		7EB8BA93232810CF00276D1A /* ReviewMenuViewController.xib */ = {isa = PBXFileReference; lastKnownFileType = file.xib; path = ReviewMenuViewController.xib; sourceTree = "<group>"; };
		7EB8BA96232811DE00276D1A /* ReviewViewModel.swift */ = {isa = PBXFileReference; lastKnownFileType = sourcecode.swift; path = ReviewViewModel.swift; sourceTree = "<group>"; };
		7EB8BA982328137500276D1A /* Date.swift */ = {isa = PBXFileReference; lastKnownFileType = sourcecode.swift; path = Date.swift; sourceTree = "<group>"; };
		7EB8BA9A2328297500276D1A /* ReviewCoordinator.swift */ = {isa = PBXFileReference; lastKnownFileType = sourcecode.swift; path = ReviewCoordinator.swift; sourceTree = "<group>"; };
		7EB8BA9C232861E900276D1A /* NavigationBar.swift */ = {isa = PBXFileReference; lastKnownFileType = sourcecode.swift; path = NavigationBar.swift; sourceTree = "<group>"; };
		7ECC27392329814D00B3D90E /* FinalScreenViewController.swift */ = {isa = PBXFileReference; lastKnownFileType = sourcecode.swift; path = FinalScreenViewController.swift; sourceTree = "<group>"; };
		7ECC273A2329814D00B3D90E /* FinalScreenViewController.xib */ = {isa = PBXFileReference; lastKnownFileType = file.xib; path = FinalScreenViewController.xib; sourceTree = "<group>"; };
		7ECC273D232BCA8D00B3D90E /* Double.swift */ = {isa = PBXFileReference; lastKnownFileType = sourcecode.swift; path = Double.swift; sourceTree = "<group>"; };
		7ED28712232052F500C005E7 /* Wrapper.swift */ = {isa = PBXFileReference; lastKnownFileType = sourcecode.swift; path = Wrapper.swift; sourceTree = "<group>"; };
		7EED1F64233902850043C2A9 /* RecordManager.swift */ = {isa = PBXFileReference; fileEncoding = 4; lastKnownFileType = sourcecode.swift; path = RecordManager.swift; sourceTree = "<group>"; };
		7EF19E1222C4415000E95AAF /* Coordinator.swift */ = {isa = PBXFileReference; lastKnownFileType = sourcecode.swift; path = Coordinator.swift; sourceTree = "<group>"; };
		C4409D55E2C59E1EB80DE33F /* Pods-TheInterviewer.debug.xcconfig */ = {isa = PBXFileReference; includeInIndex = 1; lastKnownFileType = text.xcconfig; name = "Pods-TheInterviewer.debug.xcconfig"; path = "Target Support Files/Pods-TheInterviewer/Pods-TheInterviewer.debug.xcconfig"; sourceTree = "<group>"; };
/* End PBXFileReference section */

/* Begin PBXFrameworksBuildPhase section */
		7E3C4D2D22BAB9E200490D16 /* Frameworks */ = {
			isa = PBXFrameworksBuildPhase;
			buildActionMask = 2147483647;
			files = (
				63FF8A25B944172A567B4448 /* Pods_TheInterviewer.framework in Frameworks */,
			);
			runOnlyForDeploymentPostprocessing = 0;
		};
/* End PBXFrameworksBuildPhase section */

/* Begin PBXGroup section */
		0334B32A5691D9AB62C72881 /* Pods */ = {
			isa = PBXGroup;
			children = (
				C4409D55E2C59E1EB80DE33F /* Pods-TheInterviewer.debug.xcconfig */,
				30C94D8515AA94388E3110B0 /* Pods-TheInterviewer.release.xcconfig */,
			);
			path = Pods;
			sourceTree = "<group>";
		};
		7E2ECEAE231405AC000E19C7 /* Menus */ = {
			isa = PBXGroup;
			children = (
				7E5A918D22BAC20A00963ABB /* MainScreenViewController.swift */,
				7E5A918E22BAC20A00963ABB /* MainScreenViewController.xib */,
			);
			path = Menus;
			sourceTree = "<group>";
		};
		7E2ECEAF231405C3000E19C7 /* Interview */ = {
			isa = PBXGroup;
			children = (
				7E51B93922FA2E790091C9A1 /* OverviewViewController.swift */,
				7E51B93A22FA2E790091C9A1 /* OverviewViewController.xib */,
				7E63E66A2315C3EB00F2999E /* SectionOverviewViewController.swift */,
				7E63E66B2315C3EB00F2999E /* SectionOverviewViewController.xib */,
				7ECC27392329814D00B3D90E /* FinalScreenViewController.swift */,
				7ECC273A2329814D00B3D90E /* FinalScreenViewController.xib */,
				7EB56696231F27C00020E077 /* QuestionAnswers */,
			);
			path = Interview;
			sourceTree = "<group>";
		};
		7E39420422CC09F700579F29 /* Controller */ = {
			isa = PBXGroup;
			children = (
				7E2ECEAE231405AC000E19C7 /* Menus */,
				7E2ECEAF231405C3000E19C7 /* Interview */,
				7EB8BA91232810A000276D1A /* Review */,
			);
			path = Controller;
			sourceTree = "<group>";
		};
		7E39420522CC0A0F00579F29 /* ViewModel */ = {
			isa = PBXGroup;
			children = (
				7E39420622CC0A2800579F29 /* MainViewModel.swift */,
				7EB4B52C22F39329005410EF /* InterviewViewModel.swift */,
				7EB8BA96232811DE00276D1A /* ReviewViewModel.swift */,
			);
			path = ViewModel;
			sourceTree = "<group>";
		};
		7E3C4D2722BAB9E200490D16 = {
			isa = PBXGroup;
			children = (
				7E3C4D3222BAB9E200490D16 /* TheInterviewer */,
				7E3C4D3122BAB9E200490D16 /* Products */,
				0334B32A5691D9AB62C72881 /* Pods */,
				AE9A879BE07BA023D3C3C753 /* Frameworks */,
			);
			sourceTree = "<group>";
		};
		7E3C4D3122BAB9E200490D16 /* Products */ = {
			isa = PBXGroup;
			children = (
				7E3C4D3022BAB9E200490D16 /* TheInterviewer.app */,
			);
			name = Products;
			sourceTree = "<group>";
		};
		7E3C4D3222BAB9E200490D16 /* TheInterviewer */ = {
			isa = PBXGroup;
			children = (
				7E3C4D3D22BAB9E400490D16 /* Assets.xcassets */,
				7E51B93D22FA32260091C9A1 /* Configuration */,
				7E39420422CC09F700579F29 /* Controller */,
				7EF19E1422C442D700E95AAF /* Coordinator */,
				7E570DE4231731340092D538 /* Extensions */,
				7E7E632D23219ED1001A8D24 /* Fonts */,
				7EED1F63233902850043C2A9 /* Manager */,
				7E42034122EF917300DFA490 /* Model */,
				7EB56698231F55510020E077 /* Service */,
				7E39420522CC0A0F00579F29 /* ViewModel */,
			);
			path = TheInterviewer;
			sourceTree = "<group>";
		};
		7E42034122EF917300DFA490 /* Model */ = {
			isa = PBXGroup;
			children = (
				7E42034222EF918400DFA490 /* Interview.swift */,
				7E936651230F434E00D636DF /* InterviewModels.swift */,
			);
			path = Model;
			sourceTree = "<group>";
		};
		7E51B93D22FA32260091C9A1 /* Configuration */ = {
			isa = PBXGroup;
			children = (
				7E3C4D3322BAB9E200490D16 /* AppDelegate.swift */,
				7E51B93E22FA32370091C9A1 /* AppConfiguration.swift */,
				7E51B94022FA32E10091C9A1 /* Extensions.swift */,
				7E3C4D4222BAB9E400490D16 /* Info.plist */,
				7E3C4D3F22BAB9E400490D16 /* LaunchScreen.storyboard */,
				7E3C4D3A22BAB9E200490D16 /* TheInterviewer.xcdatamodeld */,
			);
			path = Configuration;
			sourceTree = "<group>";
		};
		7E570DE4231731340092D538 /* Extensions */ = {
			isa = PBXGroup;
			children = (
				7E570DE5231731470092D538 /* ViewControllerExtensions.swift */,
				7EB8BA982328137500276D1A /* Date.swift */,
				7EB8BA9C232861E900276D1A /* NavigationBar.swift */,
				7ECC273D232BCA8D00B3D90E /* Double.swift */,
			);
			path = Extensions;
			sourceTree = "<group>";
		};
		7E7E632D23219ED1001A8D24 /* Fonts */ = {
			isa = PBXGroup;
			children = (
				7E7E632E23219ED1001A8D24 /* SF-Pro-Text-Heavy.otf */,
				7E7E632F23219ED1001A8D24 /* SF-Pro-Display-Light.otf */,
				7E7E633023219ED1001A8D24 /* SF-Pro-Display-Regular.otf */,
				7E7E633123219ED1001A8D24 /* SF-Pro-Display-Bold.otf */,
				7E7E633223219ED1001A8D24 /* SF-Pro-Display-Medium.otf */,
				7E7E633323219ED1001A8D24 /* SF-Pro-Display-Heavy.otf */,
				7E7E633423219ED1001A8D24 /* SF-Pro-Text-Light.otf */,
				7E7E633523219ED1001A8D24 /* SF-Pro-Display-Semibold.otf */,
				7E7E633623219ED1001A8D24 /* SF-Pro-Text-Regular.otf */,
				7E7E633723219ED1001A8D24 /* SF-Pro-Text-Bold.otf */,
				7E7E633823219ED1001A8D24 /* SF-Pro-Text-Semibold.otf */,
				7E7E633923219ED1001A8D24 /* SF-Pro-Text-Medium.otf */,
			);
			path = Fonts;
			sourceTree = "<group>";
		};
		7EB56696231F27C00020E077 /* QuestionAnswers */ = {
			isa = PBXGroup;
			children = (
				7EB09238230ADA010026001C /* QAViewController.swift */,
				7EB09239230ADA010026001C /* QAViewController.xib */,
				7EB56692231F27AF0020E077 /* QALongViewController.swift */,
				7EB56693231F27AF0020E077 /* QALongViewController.xib */,
			);
			path = QuestionAnswers;
			sourceTree = "<group>";
		};
		7EB56698231F55510020E077 /* Service */ = {
			isa = PBXGroup;
			children = (
				7EB5669B231F58F80020E077 /* InterviewService.swift */,
				7ED28712232052F500C005E7 /* Wrapper.swift */,
			);
			path = Service;
			sourceTree = "<group>";
		};
		7EB8BA91232810A000276D1A /* Review */ = {
			isa = PBXGroup;
			children = (
				7EB8BA92232810CF00276D1A /* ReviewMenuViewController.swift */,
				7EB8BA93232810CF00276D1A /* ReviewMenuViewController.xib */,
			);
			path = Review;
			sourceTree = "<group>";
		};
		7EED1F63233902850043C2A9 /* Manager */ = {
			isa = PBXGroup;
			children = (
				7EED1F64233902850043C2A9 /* RecordManager.swift */,
			);
			path = Manager;
			sourceTree = "<group>";
		};
		7EF19E1422C442D700E95AAF /* Coordinator */ = {
			isa = PBXGroup;
			children = (
				7EF19E1222C4415000E95AAF /* Coordinator.swift */,
				7E5A919122BAC28800963ABB /* AppCoordinator.swift */,
				7E42033F22EF8C7800DFA490 /* InterviewCoordinator.swift */,
				7EB8BA9A2328297500276D1A /* ReviewCoordinator.swift */,
			);
			path = Coordinator;
			sourceTree = "<group>";
		};
		AE9A879BE07BA023D3C3C753 /* Frameworks */ = {
			isa = PBXGroup;
			children = (
				71B1EC06222285251E9D29B7 /* Pods_TheInterviewer.framework */,
			);
			name = Frameworks;
			sourceTree = "<group>";
		};
/* End PBXGroup section */

/* Begin PBXNativeTarget section */
		7E3C4D2F22BAB9E200490D16 /* TheInterviewer */ = {
			isa = PBXNativeTarget;
			buildConfigurationList = 7E3C4D4522BAB9E400490D16 /* Build configuration list for PBXNativeTarget "TheInterviewer" */;
			buildPhases = (
				E5955E9C02D0C01505AF85A0 /* [CP] Check Pods Manifest.lock */,
				7E3C4D2C22BAB9E200490D16 /* Sources */,
				7E3C4D2D22BAB9E200490D16 /* Frameworks */,
				7E3C4D2E22BAB9E200490D16 /* Resources */,
				077502123345843E2AF4AF42 /* [CP] Embed Pods Frameworks */,
			);
			buildRules = (
			);
			dependencies = (
			);
			name = TheInterviewer;
			productName = TheInterviewer;
			productReference = 7E3C4D3022BAB9E200490D16 /* TheInterviewer.app */;
			productType = "com.apple.product-type.application";
		};
/* End PBXNativeTarget section */

/* Begin PBXProject section */
		7E3C4D2822BAB9E200490D16 /* Project object */ = {
			isa = PBXProject;
			attributes = {
				LastSwiftUpdateCheck = 1020;
				LastUpgradeCheck = 1020;
				ORGANIZATIONNAME = "Athos Lagemann";
				TargetAttributes = {
					7E3C4D2F22BAB9E200490D16 = {
						CreatedOnToolsVersion = 10.2.1;
					};
				};
			};
			buildConfigurationList = 7E3C4D2B22BAB9E200490D16 /* Build configuration list for PBXProject "TheInterviewer" */;
			compatibilityVersion = "Xcode 9.3";
			developmentRegion = en;
			hasScannedForEncodings = 0;
			knownRegions = (
				en,
				Base,
			);
			mainGroup = 7E3C4D2722BAB9E200490D16;
			productRefGroup = 7E3C4D3122BAB9E200490D16 /* Products */;
			projectDirPath = "";
			projectRoot = "";
			targets = (
				7E3C4D2F22BAB9E200490D16 /* TheInterviewer */,
			);
		};
/* End PBXProject section */

/* Begin PBXResourcesBuildPhase section */
		7E3C4D2E22BAB9E200490D16 /* Resources */ = {
			isa = PBXResourcesBuildPhase;
			buildActionMask = 2147483647;
			files = (
				7E7E633E23219ED1001A8D24 /* SF-Pro-Display-Medium.otf in Resources */,
				7E3C4D4122BAB9E400490D16 /* LaunchScreen.storyboard in Resources */,
				7EB56695231F27AF0020E077 /* QALongViewController.xib in Resources */,
				7E51B93C22FA2E790091C9A1 /* OverviewViewController.xib in Resources */,
				7E5A919022BAC20A00963ABB /* MainScreenViewController.xib in Resources */,
				7E7E633B23219ED1001A8D24 /* SF-Pro-Display-Light.otf in Resources */,
				7E7E634423219ED1001A8D24 /* SF-Pro-Text-Semibold.otf in Resources */,
				7ECC273C2329814D00B3D90E /* FinalScreenViewController.xib in Resources */,
				7EB8BA95232810CF00276D1A /* ReviewMenuViewController.xib in Resources */,
				7E7E634223219ED1001A8D24 /* SF-Pro-Text-Regular.otf in Resources */,
				7E63E66D2315C3EB00F2999E /* SectionOverviewViewController.xib in Resources */,
				7E7E633F23219ED1001A8D24 /* SF-Pro-Display-Heavy.otf in Resources */,
				7E7E634323219ED1001A8D24 /* SF-Pro-Text-Bold.otf in Resources */,
				7E3C4D3E22BAB9E400490D16 /* Assets.xcassets in Resources */,
				7EB0923B230ADA010026001C /* QAViewController.xib in Resources */,
				7E7E633C23219ED1001A8D24 /* SF-Pro-Display-Regular.otf in Resources */,
				7E7E633A23219ED1001A8D24 /* SF-Pro-Text-Heavy.otf in Resources */,
				7E7E634123219ED1001A8D24 /* SF-Pro-Display-Semibold.otf in Resources */,
				7E7E634023219ED1001A8D24 /* SF-Pro-Text-Light.otf in Resources */,
				7E7E634523219ED1001A8D24 /* SF-Pro-Text-Medium.otf in Resources */,
				7E7E633D23219ED1001A8D24 /* SF-Pro-Display-Bold.otf in Resources */,
			);
			runOnlyForDeploymentPostprocessing = 0;
		};
/* End PBXResourcesBuildPhase section */

/* Begin PBXShellScriptBuildPhase section */
		077502123345843E2AF4AF42 /* [CP] Embed Pods Frameworks */ = {
			isa = PBXShellScriptBuildPhase;
			buildActionMask = 2147483647;
			files = (
			);
			inputFileListPaths = (
				"${PODS_ROOT}/Target Support Files/Pods-TheInterviewer/Pods-TheInterviewer-frameworks-${CONFIGURATION}-input-files.xcfilelist",
			);
			name = "[CP] Embed Pods Frameworks";
			outputFileListPaths = (
				"${PODS_ROOT}/Target Support Files/Pods-TheInterviewer/Pods-TheInterviewer-frameworks-${CONFIGURATION}-output-files.xcfilelist",
			);
			runOnlyForDeploymentPostprocessing = 0;
			shellPath = /bin/sh;
			shellScript = "\"${PODS_ROOT}/Target Support Files/Pods-TheInterviewer/Pods-TheInterviewer-frameworks.sh\"\n";
			showEnvVarsInLog = 0;
		};
		E5955E9C02D0C01505AF85A0 /* [CP] Check Pods Manifest.lock */ = {
			isa = PBXShellScriptBuildPhase;
			buildActionMask = 2147483647;
			files = (
			);
			inputFileListPaths = (
			);
			inputPaths = (
				"${PODS_PODFILE_DIR_PATH}/Podfile.lock",
				"${PODS_ROOT}/Manifest.lock",
			);
			name = "[CP] Check Pods Manifest.lock";
			outputFileListPaths = (
			);
			outputPaths = (
				"$(DERIVED_FILE_DIR)/Pods-TheInterviewer-checkManifestLockResult.txt",
			);
			runOnlyForDeploymentPostprocessing = 0;
			shellPath = /bin/sh;
			shellScript = "diff \"${PODS_PODFILE_DIR_PATH}/Podfile.lock\" \"${PODS_ROOT}/Manifest.lock\" > /dev/null\nif [ $? != 0 ] ; then\n    # print error to STDERR\n    echo \"error: The sandbox is not in sync with the Podfile.lock. Run 'pod install' or update your CocoaPods installation.\" >&2\n    exit 1\nfi\n# This output is used by Xcode 'outputs' to avoid re-running this script phase.\necho \"SUCCESS\" > \"${SCRIPT_OUTPUT_FILE_0}\"\n";
			showEnvVarsInLog = 0;
		};
/* End PBXShellScriptBuildPhase section */

/* Begin PBXSourcesBuildPhase section */
		7E3C4D2C22BAB9E200490D16 /* Sources */ = {
			isa = PBXSourcesBuildPhase;
			buildActionMask = 2147483647;
			files = (
				7EB4B52D22F39329005410EF /* InterviewViewModel.swift in Sources */,
				7E63E66C2315C3EB00F2999E /* SectionOverviewViewController.swift in Sources */,
				7E5A919222BAC28800963ABB /* AppCoordinator.swift in Sources */,
				7ECC273B2329814D00B3D90E /* FinalScreenViewController.swift in Sources */,
				7ECC273E232BCA8D00B3D90E /* Double.swift in Sources */,
				7EB0923A230ADA010026001C /* QAViewController.swift in Sources */,
				7E5A918F22BAC20A00963ABB /* MainScreenViewController.swift in Sources */,
				7EF19E1322C4415000E95AAF /* Coordinator.swift in Sources */,
				7E3C4D3422BAB9E200490D16 /* AppDelegate.swift in Sources */,
				7ED28713232052F500C005E7 /* Wrapper.swift in Sources */,
				7E3C4D3C22BAB9E200490D16 /* TheInterviewer.xcdatamodeld in Sources */,
				7EB56694231F27AF0020E077 /* QALongViewController.swift in Sources */,
				7E51B93F22FA32370091C9A1 /* AppConfiguration.swift in Sources */,
				7EB8BA9D232861E900276D1A /* NavigationBar.swift in Sources */,
				7EB8BA94232810CF00276D1A /* ReviewMenuViewController.swift in Sources */,
				7E42034022EF8C7800DFA490 /* InterviewCoordinator.swift in Sources */,
				7EB5669C231F58F80020E077 /* InterviewService.swift in Sources */,
				7EB8BA9B2328297500276D1A /* ReviewCoordinator.swift in Sources */,
				7EED1F65233902850043C2A9 /* RecordManager.swift in Sources */,
				7E51B94122FA32E10091C9A1 /* Extensions.swift in Sources */,
				7E936652230F434E00D636DF /* InterviewModels.swift in Sources */,
				7EB8BA992328137500276D1A /* Date.swift in Sources */,
				7EB8BA97232811DE00276D1A /* ReviewViewModel.swift in Sources */,
				7E51B93B22FA2E790091C9A1 /* OverviewViewController.swift in Sources */,
				7E39420722CC0A2800579F29 /* MainViewModel.swift in Sources */,
				7E570DE6231731470092D538 /* ViewControllerExtensions.swift in Sources */,
				7E42034322EF918400DFA490 /* Interview.swift in Sources */,
			);
			runOnlyForDeploymentPostprocessing = 0;
		};
/* End PBXSourcesBuildPhase section */

/* Begin PBXVariantGroup section */
		7E3C4D3F22BAB9E400490D16 /* LaunchScreen.storyboard */ = {
			isa = PBXVariantGroup;
			children = (
				7E3C4D4022BAB9E400490D16 /* Base */,
			);
			name = LaunchScreen.storyboard;
			sourceTree = "<group>";
		};
/* End PBXVariantGroup section */

/* Begin XCBuildConfiguration section */
		7E3C4D4322BAB9E400490D16 /* Debug */ = {
			isa = XCBuildConfiguration;
			buildSettings = {
				ALWAYS_SEARCH_USER_PATHS = NO;
				CLANG_ANALYZER_NONNULL = YES;
				CLANG_ANALYZER_NUMBER_OBJECT_CONVERSION = YES_AGGRESSIVE;
				CLANG_CXX_LANGUAGE_STANDARD = "gnu++14";
				CLANG_CXX_LIBRARY = "libc++";
				CLANG_ENABLE_MODULES = YES;
				CLANG_ENABLE_OBJC_ARC = YES;
				CLANG_ENABLE_OBJC_WEAK = YES;
				CLANG_WARN_BLOCK_CAPTURE_AUTORELEASING = YES;
				CLANG_WARN_BOOL_CONVERSION = YES;
				CLANG_WARN_COMMA = YES;
				CLANG_WARN_CONSTANT_CONVERSION = YES;
				CLANG_WARN_DEPRECATED_OBJC_IMPLEMENTATIONS = YES;
				CLANG_WARN_DIRECT_OBJC_ISA_USAGE = YES_ERROR;
				CLANG_WARN_DOCUMENTATION_COMMENTS = YES;
				CLANG_WARN_EMPTY_BODY = YES;
				CLANG_WARN_ENUM_CONVERSION = YES;
				CLANG_WARN_INFINITE_RECURSION = YES;
				CLANG_WARN_INT_CONVERSION = YES;
				CLANG_WARN_NON_LITERAL_NULL_CONVERSION = YES;
				CLANG_WARN_OBJC_IMPLICIT_RETAIN_SELF = YES;
				CLANG_WARN_OBJC_LITERAL_CONVERSION = YES;
				CLANG_WARN_OBJC_ROOT_CLASS = YES_ERROR;
				CLANG_WARN_RANGE_LOOP_ANALYSIS = YES;
				CLANG_WARN_STRICT_PROTOTYPES = YES;
				CLANG_WARN_SUSPICIOUS_MOVE = YES;
				CLANG_WARN_UNGUARDED_AVAILABILITY = YES_AGGRESSIVE;
				CLANG_WARN_UNREACHABLE_CODE = YES;
				CLANG_WARN__DUPLICATE_METHOD_MATCH = YES;
				CODE_SIGN_IDENTITY = "iPhone Developer";
				COPY_PHASE_STRIP = NO;
				DEBUG_INFORMATION_FORMAT = dwarf;
				ENABLE_STRICT_OBJC_MSGSEND = YES;
				ENABLE_TESTABILITY = YES;
				GCC_C_LANGUAGE_STANDARD = gnu11;
				GCC_DYNAMIC_NO_PIC = NO;
				GCC_NO_COMMON_BLOCKS = YES;
				GCC_OPTIMIZATION_LEVEL = 0;
				GCC_PREPROCESSOR_DEFINITIONS = (
					"DEBUG=1",
					"$(inherited)",
				);
				GCC_WARN_64_TO_32_BIT_CONVERSION = YES;
				GCC_WARN_ABOUT_RETURN_TYPE = YES_ERROR;
				GCC_WARN_UNDECLARED_SELECTOR = YES;
				GCC_WARN_UNINITIALIZED_AUTOS = YES_AGGRESSIVE;
				GCC_WARN_UNUSED_FUNCTION = YES;
				GCC_WARN_UNUSED_VARIABLE = YES;
				IPHONEOS_DEPLOYMENT_TARGET = 12.2;
				MTL_ENABLE_DEBUG_INFO = INCLUDE_SOURCE;
				MTL_FAST_MATH = YES;
				ONLY_ACTIVE_ARCH = YES;
				SDKROOT = iphoneos;
				SWIFT_ACTIVE_COMPILATION_CONDITIONS = DEBUG;
				SWIFT_OPTIMIZATION_LEVEL = "-Onone";
			};
			name = Debug;
		};
		7E3C4D4422BAB9E400490D16 /* Release */ = {
			isa = XCBuildConfiguration;
			buildSettings = {
				ALWAYS_SEARCH_USER_PATHS = NO;
				CLANG_ANALYZER_NONNULL = YES;
				CLANG_ANALYZER_NUMBER_OBJECT_CONVERSION = YES_AGGRESSIVE;
				CLANG_CXX_LANGUAGE_STANDARD = "gnu++14";
				CLANG_CXX_LIBRARY = "libc++";
				CLANG_ENABLE_MODULES = YES;
				CLANG_ENABLE_OBJC_ARC = YES;
				CLANG_ENABLE_OBJC_WEAK = YES;
				CLANG_WARN_BLOCK_CAPTURE_AUTORELEASING = YES;
				CLANG_WARN_BOOL_CONVERSION = YES;
				CLANG_WARN_COMMA = YES;
				CLANG_WARN_CONSTANT_CONVERSION = YES;
				CLANG_WARN_DEPRECATED_OBJC_IMPLEMENTATIONS = YES;
				CLANG_WARN_DIRECT_OBJC_ISA_USAGE = YES_ERROR;
				CLANG_WARN_DOCUMENTATION_COMMENTS = YES;
				CLANG_WARN_EMPTY_BODY = YES;
				CLANG_WARN_ENUM_CONVERSION = YES;
				CLANG_WARN_INFINITE_RECURSION = YES;
				CLANG_WARN_INT_CONVERSION = YES;
				CLANG_WARN_NON_LITERAL_NULL_CONVERSION = YES;
				CLANG_WARN_OBJC_IMPLICIT_RETAIN_SELF = YES;
				CLANG_WARN_OBJC_LITERAL_CONVERSION = YES;
				CLANG_WARN_OBJC_ROOT_CLASS = YES_ERROR;
				CLANG_WARN_RANGE_LOOP_ANALYSIS = YES;
				CLANG_WARN_STRICT_PROTOTYPES = YES;
				CLANG_WARN_SUSPICIOUS_MOVE = YES;
				CLANG_WARN_UNGUARDED_AVAILABILITY = YES_AGGRESSIVE;
				CLANG_WARN_UNREACHABLE_CODE = YES;
				CLANG_WARN__DUPLICATE_METHOD_MATCH = YES;
				CODE_SIGN_IDENTITY = "iPhone Developer";
				COPY_PHASE_STRIP = NO;
				DEBUG_INFORMATION_FORMAT = "dwarf-with-dsym";
				ENABLE_NS_ASSERTIONS = NO;
				ENABLE_STRICT_OBJC_MSGSEND = YES;
				GCC_C_LANGUAGE_STANDARD = gnu11;
				GCC_NO_COMMON_BLOCKS = YES;
				GCC_WARN_64_TO_32_BIT_CONVERSION = YES;
				GCC_WARN_ABOUT_RETURN_TYPE = YES_ERROR;
				GCC_WARN_UNDECLARED_SELECTOR = YES;
				GCC_WARN_UNINITIALIZED_AUTOS = YES_AGGRESSIVE;
				GCC_WARN_UNUSED_FUNCTION = YES;
				GCC_WARN_UNUSED_VARIABLE = YES;
				IPHONEOS_DEPLOYMENT_TARGET = 12.2;
				MTL_ENABLE_DEBUG_INFO = NO;
				MTL_FAST_MATH = YES;
				SDKROOT = iphoneos;
				SWIFT_COMPILATION_MODE = wholemodule;
				SWIFT_OPTIMIZATION_LEVEL = "-O";
				VALIDATE_PRODUCT = YES;
			};
			name = Release;
		};
		7E3C4D4622BAB9E400490D16 /* Debug */ = {
			isa = XCBuildConfiguration;
			baseConfigurationReference = C4409D55E2C59E1EB80DE33F /* Pods-TheInterviewer.debug.xcconfig */;
			buildSettings = {
				ASSETCATALOG_COMPILER_APPICON_NAME = AppIcon;
				CODE_SIGN_STYLE = Automatic;
				DEVELOPMENT_TEAM = T72F5RH9V5;
				INFOPLIST_FILE = TheInterviewer/Configuration/Info.plist;
				LD_RUNPATH_SEARCH_PATHS = (
					"$(inherited)",
					"@executable_path/Frameworks",
				);
				PRODUCT_BUNDLE_IDENTIFIER = com.athoslag.TheInterviewer;
				PRODUCT_NAME = "$(TARGET_NAME)";
				SWIFT_VERSION = 5.0;
				TARGETED_DEVICE_FAMILY = 2;
			};
			name = Debug;
		};
		7E3C4D4722BAB9E400490D16 /* Release */ = {
			isa = XCBuildConfiguration;
			baseConfigurationReference = 30C94D8515AA94388E3110B0 /* Pods-TheInterviewer.release.xcconfig */;
			buildSettings = {
				ASSETCATALOG_COMPILER_APPICON_NAME = AppIcon;
				CODE_SIGN_STYLE = Automatic;
				DEVELOPMENT_TEAM = T72F5RH9V5;
				INFOPLIST_FILE = TheInterviewer/Configuration/Info.plist;
				LD_RUNPATH_SEARCH_PATHS = (
					"$(inherited)",
					"@executable_path/Frameworks",
				);
				PRODUCT_BUNDLE_IDENTIFIER = com.athoslag.TheInterviewer;
				PRODUCT_NAME = "$(TARGET_NAME)";
				SWIFT_VERSION = 5.0;
				TARGETED_DEVICE_FAMILY = 2;
			};
			name = Release;
		};
/* End XCBuildConfiguration section */

/* Begin XCConfigurationList section */
		7E3C4D2B22BAB9E200490D16 /* Build configuration list for PBXProject "TheInterviewer" */ = {
			isa = XCConfigurationList;
			buildConfigurations = (
				7E3C4D4322BAB9E400490D16 /* Debug */,
				7E3C4D4422BAB9E400490D16 /* Release */,
			);
			defaultConfigurationIsVisible = 0;
			defaultConfigurationName = Release;
		};
		7E3C4D4522BAB9E400490D16 /* Build configuration list for PBXNativeTarget "TheInterviewer" */ = {
			isa = XCConfigurationList;
			buildConfigurations = (
				7E3C4D4622BAB9E400490D16 /* Debug */,
				7E3C4D4722BAB9E400490D16 /* Release */,
			);
			defaultConfigurationIsVisible = 0;
			defaultConfigurationName = Release;
		};
/* End XCConfigurationList section */

/* Begin XCVersionGroup section */
		7E3C4D3A22BAB9E200490D16 /* TheInterviewer.xcdatamodeld */ = {
			isa = XCVersionGroup;
			children = (
				7E3C4D3B22BAB9E200490D16 /* TheInterviewer.xcdatamodel */,
			);
			currentVersion = 7E3C4D3B22BAB9E200490D16 /* TheInterviewer.xcdatamodel */;
			path = TheInterviewer.xcdatamodeld;
			sourceTree = "<group>";
			versionGroupType = wrapper.xcdatamodel;
		};
/* End XCVersionGroup section */
	};
	rootObject = 7E3C4D2822BAB9E200490D16 /* Project object */;
}
